
Microsoft Visual Studio Solution File, Format Version 12.00
# Visual Studio Version 17
VisualStudioVersion = 17.5.002.0
MinimumVisualStudioVersion = 10.0.40219.1
Project("{9A19103F-16F7-4668-BE54-9A1E7A4F7556}") = "coffeeshop", "coffeeshop.csproj", "{FFFB92BE-EE4F-4C3D-A33E-8CBA94DC3C7E}"
EndProject
Global
	GlobalSection(SolutionConfigurationPlatforms) = preSolution
		Debug|Any CPU = Debug|Any CPU
		Release|Any CPU = Release|Any CPU
	EndGlobalSection
	GlobalSection(ProjectConfigurationPlatforms) = postSolution
		{FFFB92BE-EE4F-4C3D-A33E-8CBA94DC3C7E}.Debug|Any CPU.ActiveCfg = Debug|Any CPU
		{FFFB92BE-EE4F-4C3D-A33E-8CBA94DC3C7E}.Debug|Any CPU.Build.0 = Debug|Any CPU
		{FFFB92BE-EE4F-4C3D-A33E-8CBA94DC3C7E}.Release|Any CPU.ActiveCfg = Release|Any CPU
		{FFFB92BE-EE4F-4C3D-A33E-8CBA94DC3C7E}.Release|Any CPU.Build.0 = Release|Any CPU
	EndGlobalSection
	GlobalSection(SolutionProperties) = preSolution
		HideSolutionNode = FALSE
	EndGlobalSection
	GlobalSection(ExtensibilityGlobals) = postSolution
		SolutionGuid = {98FAE263-7A11-448A-934F-016BDFA15FC2}
	EndGlobalSection
EndGlobal
